
Microsoft Visual Studio Solution File, Format Version 12.00
# Visual Studio Version 16
VisualStudioVersion = 16.0.30011.22
MinimumVisualStudioVersion = 10.0.40219.1
Project("{FAE04EC0-301F-11D3-BF4B-00C04F79EFBC}") = "BeltView", "BeltView\BeltView.csproj", "{F1E9E47E-84D4-4971-B65D-72D2533FD662}"
EndProject
Project("{FAE04EC0-301F-11D3-BF4B-00C04F79EFBC}") = "BeltModel", "BeltModel\BeltModel.csproj", "{87CDDE98-D529-43E9-AE3D-021B7F9D1601}"
EndProject
Project("{FAE04EC0-301F-11D3-BF4B-00C04F79EFBC}") = "BeltBuilder", "BeltBuilder\BeltBuilder.csproj", "{593C21B4-83E2-4C9F-8042-5384D01CE2EB}"
EndProject
Global
	GlobalSection(SolutionConfigurationPlatforms) = preSolution
		Debug|Any CPU = Debug|Any CPU
		Release|Any CPU = Release|Any CPU
	EndGlobalSection
	GlobalSection(ProjectConfigurationPlatforms) = postSolution
		{F1E9E47E-84D4-4971-B65D-72D2533FD662}.Debug|Any CPU.ActiveCfg = Debug|Any CPU
		{F1E9E47E-84D4-4971-B65D-72D2533FD662}.Debug|Any CPU.Build.0 = Debug|Any CPU
		{F1E9E47E-84D4-4971-B65D-72D2533FD662}.Release|Any CPU.ActiveCfg = Release|Any CPU
		{F1E9E47E-84D4-4971-B65D-72D2533FD662}.Release|Any CPU.Build.0 = Release|Any CPU
		{87CDDE98-D529-43E9-AE3D-021B7F9D1601}.Debug|Any CPU.ActiveCfg = Debug|Any CPU
		{87CDDE98-D529-43E9-AE3D-021B7F9D1601}.Debug|Any CPU.Build.0 = Debug|Any CPU
		{87CDDE98-D529-43E9-AE3D-021B7F9D1601}.Release|Any CPU.ActiveCfg = Release|Any CPU
		{87CDDE98-D529-43E9-AE3D-021B7F9D1601}.Release|Any CPU.Build.0 = Release|Any CPU
		{593C21B4-83E2-4C9F-8042-5384D01CE2EB}.Debug|Any CPU.ActiveCfg = Debug|Any CPU
		{593C21B4-83E2-4C9F-8042-5384D01CE2EB}.Debug|Any CPU.Build.0 = Debug|Any CPU
		{593C21B4-83E2-4C9F-8042-5384D01CE2EB}.Release|Any CPU.ActiveCfg = Release|Any CPU
		{593C21B4-83E2-4C9F-8042-5384D01CE2EB}.Release|Any CPU.Build.0 = Release|Any CPU
	EndGlobalSection
	GlobalSection(SolutionProperties) = preSolution
		HideSolutionNode = FALSE
	EndGlobalSection
	GlobalSection(ExtensibilityGlobals) = postSolution
		SolutionGuid = {B45D5A5E-211D-4710-A5D0-7EDC473B3D87}
	EndGlobalSection
EndGlobal
